
Microsoft Visual Studio Solution File, Format Version 12.00
Project("{FAE04EC0-301F-11D3-BF4B-00C04F79EFBC}") = "Reactivities.Api", "backend\Reactivities.Api\Reactivities.Api.csproj", "{E0573B33-2446-4EFC-BED9-08CFE84CBEC1}"
EndProject
Project("{FAE04EC0-301F-11D3-BF4B-00C04F79EFBC}") = "Reactivities.Application", "backend\Reactivities.Application\Reactivities.Application.csproj", "{E05218DA-C4A2-4D61-8BFD-C73D12C9BD88}"
EndProject
Project("{FAE04EC0-301F-11D3-BF4B-00C04F79EFBC}") = "Reactivities.Domain", "backend\Reactivities.Domain\Reactivities.Domain.csproj", "{3493090F-4807-434C-B33A-56619CB963E4}"
EndProject
Project("{FAE04EC0-301F-11D3-BF4B-00C04F79EFBC}") = "Reactivities.Infrastructure", "backend\Reactivities.Infrastructure\Reactivities.Infrastructure.csproj", "{F7594232-B079-4CA0-9BF8-8E71EDC6FA83}"
EndProject
Project("{FAE04EC0-301F-11D3-BF4B-00C04F79EFBC}") = "Reactivities.Persistence", "backend\Reactivities.Persistence\Reactivities.Persistence.csproj", "{B1416562-7473-49CC-8E59-8AFD0C9B320A}"
EndProject
Project("{2150E333-8FDC-42A3-9474-1A3956D46DE8}") = "src", "src", "{776D311E-CD2E-4803-9F75-D94EF4217CDF}"
EndProject
Project("{2150E333-8FDC-42A3-9474-1A3956D46DE8}") = "API", "API", "{824D52B2-9856-4990-9368-45E9F631252F}"
EndProject
Project("{2150E333-8FDC-42A3-9474-1A3956D46DE8}") = "Core", "Core", "{0DC8076B-3DB4-4F43-BCB8-E3A919784D6D}"
EndProject
Project("{2150E333-8FDC-42A3-9474-1A3956D46DE8}") = "Infrastructure", "Infrastructure", "{0FE8AF65-8F42-482B-A743-1E65D51510D4}"
EndProject
Global
	GlobalSection(SolutionConfigurationPlatforms) = preSolution
		Debug|Any CPU = Debug|Any CPU
		Release|Any CPU = Release|Any CPU
	EndGlobalSection
	GlobalSection(ProjectConfigurationPlatforms) = postSolution
		{E0573B33-2446-4EFC-BED9-08CFE84CBEC1}.Debug|Any CPU.ActiveCfg = Debug|Any CPU
		{E0573B33-2446-4EFC-BED9-08CFE84CBEC1}.Debug|Any CPU.Build.0 = Debug|Any CPU
		{E0573B33-2446-4EFC-BED9-08CFE84CBEC1}.Release|Any CPU.ActiveCfg = Release|Any CPU
		{E0573B33-2446-4EFC-BED9-08CFE84CBEC1}.Release|Any CPU.Build.0 = Release|Any CPU
		{E05218DA-C4A2-4D61-8BFD-C73D12C9BD88}.Debug|Any CPU.ActiveCfg = Debug|Any CPU
		{E05218DA-C4A2-4D61-8BFD-C73D12C9BD88}.Debug|Any CPU.Build.0 = Debug|Any CPU
		{E05218DA-C4A2-4D61-8BFD-C73D12C9BD88}.Release|Any CPU.ActiveCfg = Release|Any CPU
		{E05218DA-C4A2-4D61-8BFD-C73D12C9BD88}.Release|Any CPU.Build.0 = Release|Any CPU
		{3493090F-4807-434C-B33A-56619CB963E4}.Debug|Any CPU.ActiveCfg = Debug|Any CPU
		{3493090F-4807-434C-B33A-56619CB963E4}.Debug|Any CPU.Build.0 = Debug|Any CPU
		{3493090F-4807-434C-B33A-56619CB963E4}.Release|Any CPU.ActiveCfg = Release|Any CPU
		{3493090F-4807-434C-B33A-56619CB963E4}.Release|Any CPU.Build.0 = Release|Any CPU
		{F7594232-B079-4CA0-9BF8-8E71EDC6FA83}.Debug|Any CPU.ActiveCfg = Debug|Any CPU
		{F7594232-B079-4CA0-9BF8-8E71EDC6FA83}.Debug|Any CPU.Build.0 = Debug|Any CPU
		{F7594232-B079-4CA0-9BF8-8E71EDC6FA83}.Release|Any CPU.ActiveCfg = Release|Any CPU
		{F7594232-B079-4CA0-9BF8-8E71EDC6FA83}.Release|Any CPU.Build.0 = Release|Any CPU
		{B1416562-7473-49CC-8E59-8AFD0C9B320A}.Debug|Any CPU.ActiveCfg = Debug|Any CPU
		{B1416562-7473-49CC-8E59-8AFD0C9B320A}.Debug|Any CPU.Build.0 = Debug|Any CPU
		{B1416562-7473-49CC-8E59-8AFD0C9B320A}.Release|Any CPU.ActiveCfg = Release|Any CPU
		{B1416562-7473-49CC-8E59-8AFD0C9B320A}.Release|Any CPU.Build.0 = Release|Any CPU
	EndGlobalSection
	GlobalSection(NestedProjects) = preSolution
		{824D52B2-9856-4990-9368-45E9F631252F} = {776D311E-CD2E-4803-9F75-D94EF4217CDF}
		{0DC8076B-3DB4-4F43-BCB8-E3A919784D6D} = {776D311E-CD2E-4803-9F75-D94EF4217CDF}
		{0FE8AF65-8F42-482B-A743-1E65D51510D4} = {776D311E-CD2E-4803-9F75-D94EF4217CDF}
		{E0573B33-2446-4EFC-BED9-08CFE84CBEC1} = {824D52B2-9856-4990-9368-45E9F631252F}
		{E05218DA-C4A2-4D61-8BFD-C73D12C9BD88} = {0DC8076B-3DB4-4F43-BCB8-E3A919784D6D}
		{3493090F-4807-434C-B33A-56619CB963E4} = {0DC8076B-3DB4-4F43-BCB8-E3A919784D6D}
		{F7594232-B079-4CA0-9BF8-8E71EDC6FA83} = {0FE8AF65-8F42-482B-A743-1E65D51510D4}
		{B1416562-7473-49CC-8E59-8AFD0C9B320A} = {0FE8AF65-8F42-482B-A743-1E65D51510D4}
	EndGlobalSection
EndGlobal
